
Microsoft Visual Studio Solution File, Format Version 12.00
# Visual Studio 15
VisualStudioVersion = 15.0.26730.15
MinimumVisualStudioVersion = 10.0.40219.1
Project("{FAE04EC0-301F-11D3-BF4B-00C04F79EFBC}") = "XCommerce", "XCommerce\XCommerce.csproj", "{10D3C713-090B-413D-87E6-178E81D706A2}"
EndProject
Global
	GlobalSection(SolutionConfigurationPlatforms) = preSolution
		Debug|Any CPU = Debug|Any CPU
		Release|Any CPU = Release|Any CPU
	EndGlobalSection
	GlobalSection(ProjectConfigurationPlatforms) = postSolution
		{10D3C713-090B-413D-87E6-178E81D706A2}.Debug|Any CPU.ActiveCfg = Debug|Any CPU
		{10D3C713-090B-413D-87E6-178E81D706A2}.Debug|Any CPU.Build.0 = Debug|Any CPU
		{10D3C713-090B-413D-87E6-178E81D706A2}.Release|Any CPU.ActiveCfg = Release|Any CPU
		{10D3C713-090B-413D-87E6-178E81D706A2}.Release|Any CPU.Build.0 = Release|Any CPU
	EndGlobalSection
	GlobalSection(SolutionProperties) = preSolution
		HideSolutionNode = FALSE
	EndGlobalSection
	GlobalSection(ExtensibilityGlobals) = postSolution
		SolutionGuid = {94B86467-0B70-4EE4-9D4E-69986D9B25FA}
	EndGlobalSection
EndGlobal
